
Microsoft Visual Studio Solution File, Format Version 11.00
# Visual Studio 2010
Project("{159641D6-6404-4A2A-AE62-294DE0FE8301}") = "DataMigration", "DataMigration\DataMigration.dtproj", "{E7125903-6437-4A05-AC17-818C15ECE6E4}"
EndProject
Global
	GlobalSection(TeamFoundationVersionControl) = preSolution
		SccNumberOfProjects = 2
		SccEnterpriseProvider = {4CA58AB2-18FA-4F8D-95D4-32DDF27D184C}
		SccTeamFoundationServer = http://10.35.104.26:8080/tfs/defaultcollection
		SccLocalPath0 = .
		SccProjectUniqueName1 = DataMigration\\DataMigration.dtproj
		SccProjectName1 = DataMigration
		SccLocalPath1 = DataMigration
	EndGlobalSection
	GlobalSection(SolutionConfigurationPlatforms) = preSolution
		Development|Default = Development|Default
	EndGlobalSection
	GlobalSection(ProjectConfigurationPlatforms) = postSolution
		{E7125903-6437-4A05-AC17-818C15ECE6E4}.Development|Default.ActiveCfg = Development
		{E7125903-6437-4A05-AC17-818C15ECE6E4}.Development|Default.Build.0 = Development
	EndGlobalSection
	GlobalSection(SolutionProperties) = preSolution
		HideSolutionNode = FALSE
	EndGlobalSection
EndGlobal
